
Microsoft Visual Studio Solution File, Format Version 12.00
# Visual Studio 15
VisualStudioVersion = 15.0.28307.421
MinimumVisualStudioVersion = 10.0.40219.1
Project("{FAE04EC0-301F-11D3-BF4B-00C04F79EFBC}") = "Trabalho_Rogerio", "Trabalho_Rogerio\Trabalho_Rogerio.csproj", "{FEA22CFD-128C-46D7-9944-60C4BEDDFB41}"
EndProject
Global
	GlobalSection(SolutionConfigurationPlatforms) = preSolution
		Debug|Any CPU = Debug|Any CPU
		Release|Any CPU = Release|Any CPU
	EndGlobalSection
	GlobalSection(ProjectConfigurationPlatforms) = postSolution
		{FEA22CFD-128C-46D7-9944-60C4BEDDFB41}.Debug|Any CPU.ActiveCfg = Debug|Any CPU
		{FEA22CFD-128C-46D7-9944-60C4BEDDFB41}.Debug|Any CPU.Build.0 = Debug|Any CPU
		{FEA22CFD-128C-46D7-9944-60C4BEDDFB41}.Release|Any CPU.ActiveCfg = Release|Any CPU
		{FEA22CFD-128C-46D7-9944-60C4BEDDFB41}.Release|Any CPU.Build.0 = Release|Any CPU
	EndGlobalSection
	GlobalSection(SolutionProperties) = preSolution
		HideSolutionNode = FALSE
	EndGlobalSection
	GlobalSection(ExtensibilityGlobals) = postSolution
		SolutionGuid = {A3211C02-D19B-43CB-AE5B-329A7B359C5D}
	EndGlobalSection
EndGlobal
